
Microsoft Visual Studio Solution File, Format Version 12.00
# Visual Studio Version 16
VisualStudioVersion = 16.0.30711.63
MinimumVisualStudioVersion = 10.0.40219.1
Project("{FAE04EC0-301F-11D3-BF4B-00C04F79EFBC}") = "Anagram", "Anagram\Anagram.csproj", "{9299DD54-777E-4F4E-A727-B329A7DC8183}"
EndProject
Global
	GlobalSection(SolutionConfigurationPlatforms) = preSolution
		Debug|Any CPU = Debug|Any CPU
		Release|Any CPU = Release|Any CPU
	EndGlobalSection
	GlobalSection(ProjectConfigurationPlatforms) = postSolution
		{9299DD54-777E-4F4E-A727-B329A7DC8183}.Debug|Any CPU.ActiveCfg = Debug|Any CPU
		{9299DD54-777E-4F4E-A727-B329A7DC8183}.Debug|Any CPU.Build.0 = Debug|Any CPU
		{9299DD54-777E-4F4E-A727-B329A7DC8183}.Release|Any CPU.ActiveCfg = Release|Any CPU
		{9299DD54-777E-4F4E-A727-B329A7DC8183}.Release|Any CPU.Build.0 = Release|Any CPU
	EndGlobalSection
	GlobalSection(SolutionProperties) = preSolution
		HideSolutionNode = FALSE
	EndGlobalSection
	GlobalSection(ExtensibilityGlobals) = postSolution
		SolutionGuid = {6A724720-AA4D-4F5E-9259-49B217D3B44E}
	EndGlobalSection
EndGlobal
